
Microsoft Visual Studio Solution File, Format Version 11.00
# Visual Studio 2010
Project("{2857B73E-F847-4B02-9238-064979017E93}") = "MaxSubSequenceSumMono", "MaxSubSequenceSumMono\MaxSubSequenceSumMono.cproj", "{196573E0-2F91-48D0-9E9C-35864576441B}"
EndProject
Global
	GlobalSection(SolutionConfigurationPlatforms) = preSolution
		Debug|Any CPU = Debug|Any CPU
		Release|Any CPU = Release|Any CPU
	EndGlobalSection
	GlobalSection(ProjectConfigurationPlatforms) = postSolution
		{196573E0-2F91-48D0-9E9C-35864576441B}.Debug|Any CPU.ActiveCfg = Debug|Any CPU
		{196573E0-2F91-48D0-9E9C-35864576441B}.Debug|Any CPU.Build.0 = Debug|Any CPU
		{196573E0-2F91-48D0-9E9C-35864576441B}.Release|Any CPU.ActiveCfg = Release|Any CPU
		{196573E0-2F91-48D0-9E9C-35864576441B}.Release|Any CPU.Build.0 = Release|Any CPU
	EndGlobalSection
	GlobalSection(MonoDevelopProperties) = preSolution
		StartupItem = MaxSubSequenceSumMono\MaxSubSequenceSumMono.cproj
	EndGlobalSection
EndGlobal
